// !$*UTF8*$!
{
	archiveVersion = 1;
	classes = {
	};
	objectVersion = 50;
	objects = {

/* Begin PBXBuildFile section */
		5C189BE621CEE483005F60D9 /* RootAssembly.swift in Sources */ = {isa = PBXBuildFile; fileRef = 5C189BE521CEE483005F60D9 /* RootAssembly.swift */; };
		5C189BE721CEE483005F60D9 /* RootAssembly.swift in Sources */ = {isa = PBXBuildFile; fileRef = 5C189BE521CEE483005F60D9 /* RootAssembly.swift */; };
		5C21074221C06B2000E86C5B /* AppDelegate.swift in Sources */ = {isa = PBXBuildFile; fileRef = 5C21074121C06B2000E86C5B /* AppDelegate.swift */; };
		5C21074421C06B2000E86C5B /* CryptocurrencyListViewController.swift in Sources */ = {isa = PBXBuildFile; fileRef = 5C21074321C06B2000E86C5B /* CryptocurrencyListViewController.swift */; };
		5C3780B521D922B40070225C /* ILatestCryptocurrenciesService.swift in Sources */ = {isa = PBXBuildFile; fileRef = 5C3780B421D922B40070225C /* ILatestCryptocurrenciesService.swift */; };
		5C3780B621D922B40070225C /* ILatestCryptocurrenciesService.swift in Sources */ = {isa = PBXBuildFile; fileRef = 5C3780B421D922B40070225C /* ILatestCryptocurrenciesService.swift */; };
		5C3780B721D92F390070225C /* IParser.swift in Sources */ = {isa = PBXBuildFile; fileRef = 5C786C1921D8D26A009A19F4 /* IParser.swift */; };
		5C3780B921D9552A0070225C /* QuoteModel.swift in Sources */ = {isa = PBXBuildFile; fileRef = 5C3780B821D9552A0070225C /* QuoteModel.swift */; };
		5C3780BA21D9552A0070225C /* QuoteModel.swift in Sources */ = {isa = PBXBuildFile; fileRef = 5C3780B821D9552A0070225C /* QuoteModel.swift */; };
		5C3780BF21DA22F20070225C /* CryptocurrencyTableViewCell.swift in Sources */ = {isa = PBXBuildFile; fileRef = 5C3780BD21DA22F20070225C /* CryptocurrencyTableViewCell.swift */; };
		5C3780C021DA22F20070225C /* CryptocurrencyTableViewCell.swift in Sources */ = {isa = PBXBuildFile; fileRef = 5C3780BD21DA22F20070225C /* CryptocurrencyTableViewCell.swift */; };
		5C3780C121DA22F20070225C /* CryptocurrencyTableViewCell.xib in Resources */ = {isa = PBXBuildFile; fileRef = 5C3780BE21DA22F20070225C /* CryptocurrencyTableViewCell.xib */; };
		5C3780C221DA22F20070225C /* CryptocurrencyTableViewCell.xib in Resources */ = {isa = PBXBuildFile; fileRef = 5C3780BE21DA22F20070225C /* CryptocurrencyTableViewCell.xib */; };
		5C3E466921CE59CC00FEC854 /* IRequestBuilder.swift in Sources */ = {isa = PBXBuildFile; fileRef = 5C3E466821CE59CC00FEC854 /* IRequestBuilder.swift */; };
		5C3E466B21CE5A0400FEC854 /* RequestBuilder.swift in Sources */ = {isa = PBXBuildFile; fileRef = 5C3E466A21CE5A0400FEC854 /* RequestBuilder.swift */; };
		5C3E467521CE637C00FEC854 /* IRequestBuilder.swift in Sources */ = {isa = PBXBuildFile; fileRef = 5C3E466821CE59CC00FEC854 /* IRequestBuilder.swift */; };
		5C3E467621CE638000FEC854 /* RequestBuilder.swift in Sources */ = {isa = PBXBuildFile; fileRef = 5C3E466A21CE5A0400FEC854 /* RequestBuilder.swift */; };
		5C3E467A21CE647100FEC854 /* IRequestClient.swift in Sources */ = {isa = PBXBuildFile; fileRef = 5C3E467921CE647100FEC854 /* IRequestClient.swift */; };
		5C3E467B21CE647100FEC854 /* IRequestClient.swift in Sources */ = {isa = PBXBuildFile; fileRef = 5C3E467921CE647100FEC854 /* IRequestClient.swift */; };
		5C3E467E21CE653D00FEC854 /* RequestClient.swift in Sources */ = {isa = PBXBuildFile; fileRef = 5C3E467D21CE653D00FEC854 /* RequestClient.swift */; };
		5C3E467F21CE653D00FEC854 /* RequestClient.swift in Sources */ = {isa = PBXBuildFile; fileRef = 5C3E467D21CE653D00FEC854 /* RequestClient.swift */; };
		5C3E468121CE660A00FEC854 /* Result.swift in Sources */ = {isa = PBXBuildFile; fileRef = 5C3E468021CE660A00FEC854 /* Result.swift */; };
		5C3E468221CE660A00FEC854 /* Result.swift in Sources */ = {isa = PBXBuildFile; fileRef = 5C3E468021CE660A00FEC854 /* Result.swift */; };
		5C3E468721CE670800FEC854 /* LatestCryptocurrenciesRequest.swift in Sources */ = {isa = PBXBuildFile; fileRef = 5C3E468621CE670800FEC854 /* LatestCryptocurrenciesRequest.swift */; };
		5C3E468821CE670800FEC854 /* LatestCryptocurrenciesRequest.swift in Sources */ = {isa = PBXBuildFile; fileRef = 5C3E468621CE670800FEC854 /* LatestCryptocurrenciesRequest.swift */; };
		5C49F77621D40257008AE043 /* CryptocurrencyListAssembly.swift in Sources */ = {isa = PBXBuildFile; fileRef = 5C49F77521D40257008AE043 /* CryptocurrencyListAssembly.swift */; };
		5C49F77721D40257008AE043 /* CryptocurrencyListAssembly.swift in Sources */ = {isa = PBXBuildFile; fileRef = 5C49F77521D40257008AE043 /* CryptocurrencyListAssembly.swift */; };
		5C52898721D55C2400802E5A /* Assets.xcassets in Resources */ = {isa = PBXBuildFile; fileRef = 5C52898021D55C2400802E5A /* Assets.xcassets */; };
		5C52898821D55C2400802E5A /* Assets.xcassets in Resources */ = {isa = PBXBuildFile; fileRef = 5C52898021D55C2400802E5A /* Assets.xcassets */; };
		5C52898921D55C2400802E5A /* LaunchScreen.storyboard in Resources */ = {isa = PBXBuildFile; fileRef = 5C52898121D55C2400802E5A /* LaunchScreen.storyboard */; };
		5C52898A21D55C2400802E5A /* LaunchScreen.storyboard in Resources */ = {isa = PBXBuildFile; fileRef = 5C52898121D55C2400802E5A /* LaunchScreen.storyboard */; };
		5C52898B21D55C2400802E5A /* InfoPlist.strings in Resources */ = {isa = PBXBuildFile; fileRef = 5C52898321D55C2400802E5A /* InfoPlist.strings */; };
		5C52898C21D55C2400802E5A /* InfoPlist.strings in Resources */ = {isa = PBXBuildFile; fileRef = 5C52898321D55C2400802E5A /* InfoPlist.strings */; };
		5C52898D21D55C2400802E5A /* Localizable.strings in Resources */ = {isa = PBXBuildFile; fileRef = 5C52898421D55C2400802E5A /* Localizable.strings */; };
		5C52898E21D55C2400802E5A /* Localizable.strings in Resources */ = {isa = PBXBuildFile; fileRef = 5C52898421D55C2400802E5A /* Localizable.strings */; };
		5C52899E21D55ED400802E5A /* UITableView+RegisterCell.swift in Sources */ = {isa = PBXBuildFile; fileRef = 5C52899D21D55ED400802E5A /* UITableView+RegisterCell.swift */; };
		5C52899F21D55ED400802E5A /* UITableView+RegisterCell.swift in Sources */ = {isa = PBXBuildFile; fileRef = 5C52899D21D55ED400802E5A /* UITableView+RegisterCell.swift */; };
		5C5289A121D55F0200802E5A /* UITableView+ReusableCell.swift in Sources */ = {isa = PBXBuildFile; fileRef = 5C5289A021D55F0200802E5A /* UITableView+ReusableCell.swift */; };
		5C5289A221D55F0200802E5A /* UITableView+ReusableCell.swift in Sources */ = {isa = PBXBuildFile; fileRef = 5C5289A021D55F0200802E5A /* UITableView+ReusableCell.swift */; };
		5C5289AF21D562C400802E5A /* CryptocurrencyListViewController.xib in Resources */ = {isa = PBXBuildFile; fileRef = 5C5289AE21D562C400802E5A /* CryptocurrencyListViewController.xib */; };
		5C5289B021D562C400802E5A /* CryptocurrencyListViewController.xib in Resources */ = {isa = PBXBuildFile; fileRef = 5C5289AE21D562C400802E5A /* CryptocurrencyListViewController.xib */; };
		5C5289B321D5640D00802E5A /* CryptocurrencyListDataManager.swift in Sources */ = {isa = PBXBuildFile; fileRef = 5C5289B221D5640D00802E5A /* CryptocurrencyListDataManager.swift */; };
		5C5289B421D5640D00802E5A /* CryptocurrencyListDataManager.swift in Sources */ = {isa = PBXBuildFile; fileRef = 5C5289B221D5640D00802E5A /* CryptocurrencyListDataManager.swift */; };
		5C5289BC21D568DA00802E5A /* Default-568h@2x.png in Resources */ = {isa = PBXBuildFile; fileRef = 5C5289BB21D568DA00802E5A /* Default-568h@2x.png */; };
		5C5289BD21D568E900802E5A /* Default-568h@2x.png in Resources */ = {isa = PBXBuildFile; fileRef = 5C5289BB21D568DA00802E5A /* Default-568h@2x.png */; };
		5C5289BF21D573EB00802E5A /* LatestCryptocurrenciesService.swift in Sources */ = {isa = PBXBuildFile; fileRef = 5C5289BE21D573EB00802E5A /* LatestCryptocurrenciesService.swift */; };
		5C5289C021D573EB00802E5A /* LatestCryptocurrenciesService.swift in Sources */ = {isa = PBXBuildFile; fileRef = 5C5289BE21D573EB00802E5A /* LatestCryptocurrenciesService.swift */; };
		5C5289C321D57EEC00802E5A /* LatestCryptocurrenciesModel.swift in Sources */ = {isa = PBXBuildFile; fileRef = 5C5289C221D57EEC00802E5A /* LatestCryptocurrenciesModel.swift */; };
		5C5289C421D57EEC00802E5A /* LatestCryptocurrenciesModel.swift in Sources */ = {isa = PBXBuildFile; fileRef = 5C5289C221D57EEC00802E5A /* LatestCryptocurrenciesModel.swift */; };
		5C5289C621D5848200802E5A /* ServiceAssembly.swift in Sources */ = {isa = PBXBuildFile; fileRef = 5C5289C521D5848200802E5A /* ServiceAssembly.swift */; };
		5C5289C721D5848200802E5A /* ServiceAssembly.swift in Sources */ = {isa = PBXBuildFile; fileRef = 5C5289C521D5848200802E5A /* ServiceAssembly.swift */; };
		5C60C5B821C073430031E342 /* CryptocurrencyListViewController.swift in Sources */ = {isa = PBXBuildFile; fileRef = 5C21074321C06B2000E86C5B /* CryptocurrencyListViewController.swift */; };
		5C60C5B921C073430031E342 /* AppDelegate.swift in Sources */ = {isa = PBXBuildFile; fileRef = 5C21074121C06B2000E86C5B /* AppDelegate.swift */; };
		5C60C5C521C074B90031E342 /* Environment.swift in Sources */ = {isa = PBXBuildFile; fileRef = 5C60C5C421C074B90031E342 /* Environment.swift */; };
		5C60C5C621C074B90031E342 /* Environment.swift in Sources */ = {isa = PBXBuildFile; fileRef = 5C60C5C421C074B90031E342 /* Environment.swift */; };
		5C60C5D721C07D720031E342 /* IRequest.swift in Sources */ = {isa = PBXBuildFile; fileRef = 5C60C5D621C07D720031E342 /* IRequest.swift */; };
		5C60C5D821C07FB00031E342 /* IRequest.swift in Sources */ = {isa = PBXBuildFile; fileRef = 5C60C5D621C07D720031E342 /* IRequest.swift */; };
		5C786C1521D8D11B009A19F4 /* DateFormatter+ISO8601.swift in Sources */ = {isa = PBXBuildFile; fileRef = 5C786C1421D8D11B009A19F4 /* DateFormatter+ISO8601.swift */; };
		5C786C1621D8D19E009A19F4 /* DateFormatter+ISO8601.swift in Sources */ = {isa = PBXBuildFile; fileRef = 5C786C1421D8D11B009A19F4 /* DateFormatter+ISO8601.swift */; };
		5C786C1A21D8D26A009A19F4 /* IParser.swift in Sources */ = {isa = PBXBuildFile; fileRef = 5C786C1921D8D26A009A19F4 /* IParser.swift */; };
		5C786C1D21D8D2B0009A19F4 /* JSONDecoderParser.swift in Sources */ = {isa = PBXBuildFile; fileRef = 5C786C1C21D8D2B0009A19F4 /* JSONDecoderParser.swift */; };
		5C786C1E21D8D2B0009A19F4 /* JSONDecoderParser.swift in Sources */ = {isa = PBXBuildFile; fileRef = 5C786C1C21D8D2B0009A19F4 /* JSONDecoderParser.swift */; };
		5C786C2021D8D4E6009A19F4 /* StatusModel.swift in Sources */ = {isa = PBXBuildFile; fileRef = 5C786C1F21D8D4E6009A19F4 /* StatusModel.swift */; };
		5C786C2121D8D4E6009A19F4 /* StatusModel.swift in Sources */ = {isa = PBXBuildFile; fileRef = 5C786C1F21D8D4E6009A19F4 /* StatusModel.swift */; };
		5C786C2321D8D503009A19F4 /* RootModel.swift in Sources */ = {isa = PBXBuildFile; fileRef = 5C786C2221D8D503009A19F4 /* RootModel.swift */; };
		5C786C2421D8D503009A19F4 /* RootModel.swift in Sources */ = {isa = PBXBuildFile; fileRef = 5C786C2221D8D503009A19F4 /* RootModel.swift */; };
		5CAC208821D40EBD00517A98 /* String+Localized.swift in Sources */ = {isa = PBXBuildFile; fileRef = 5CAC208721D40EBD00517A98 /* String+Localized.swift */; };
		5CAC208921D40EBD00517A98 /* String+Localized.swift in Sources */ = {isa = PBXBuildFile; fileRef = 5CAC208721D40EBD00517A98 /* String+Localized.swift */; };
		5CAC208B21D4160B00517A98 /* CoreAssembly.swift in Sources */ = {isa = PBXBuildFile; fileRef = 5CAC208A21D4160B00517A98 /* CoreAssembly.swift */; };
		5CAC208C21D4160B00517A98 /* CoreAssembly.swift in Sources */ = {isa = PBXBuildFile; fileRef = 5CAC208A21D4160B00517A98 /* CoreAssembly.swift */; };
		7D158844FCADFEA23699AF92 /* Pods_Debug.framework in Frameworks */ = {isa = PBXBuildFile; fileRef = D1D5ADA77221571A8A63CA44 /* Pods_Debug.framework */; };
		8510059BD0179C141259BFC8 /* Pods_Production.framework in Frameworks */ = {isa = PBXBuildFile; fileRef = 63E8A5B4806223228D714532 /* Pods_Production.framework */; };
/* End PBXBuildFile section */

/* Begin PBXFileReference section */
		0D239B1EA975C612A10D611F /* Pods-Production.release.xcconfig */ = {isa = PBXFileReference; includeInIndex = 1; lastKnownFileType = text.xcconfig; name = "Pods-Production.release.xcconfig"; path = "Pods/Target Support Files/Pods-Production/Pods-Production.release.xcconfig"; sourceTree = "<group>"; };
		5C189BE521CEE483005F60D9 /* RootAssembly.swift */ = {isa = PBXFileReference; lastKnownFileType = sourcecode.swift; path = RootAssembly.swift; sourceTree = "<group>"; };
		5C21073E21C06B2000E86C5B /* Production.app */ = {isa = PBXFileReference; explicitFileType = wrapper.application; includeInIndex = 0; path = Production.app; sourceTree = BUILT_PRODUCTS_DIR; };
		5C21074121C06B2000E86C5B /* AppDelegate.swift */ = {isa = PBXFileReference; lastKnownFileType = sourcecode.swift; path = AppDelegate.swift; sourceTree = "<group>"; };
		5C21074321C06B2000E86C5B /* CryptocurrencyListViewController.swift */ = {isa = PBXFileReference; lastKnownFileType = sourcecode.swift; path = CryptocurrencyListViewController.swift; sourceTree = "<group>"; };
		5C3780B421D922B40070225C /* ILatestCryptocurrenciesService.swift */ = {isa = PBXFileReference; lastKnownFileType = sourcecode.swift; path = ILatestCryptocurrenciesService.swift; sourceTree = "<group>"; };
		5C3780B821D9552A0070225C /* QuoteModel.swift */ = {isa = PBXFileReference; lastKnownFileType = sourcecode.swift; path = QuoteModel.swift; sourceTree = "<group>"; };
		5C3780BD21DA22F20070225C /* CryptocurrencyTableViewCell.swift */ = {isa = PBXFileReference; lastKnownFileType = sourcecode.swift; path = CryptocurrencyTableViewCell.swift; sourceTree = "<group>"; };
		5C3780BE21DA22F20070225C /* CryptocurrencyTableViewCell.xib */ = {isa = PBXFileReference; lastKnownFileType = file.xib; path = CryptocurrencyTableViewCell.xib; sourceTree = "<group>"; };
		5C3E466821CE59CC00FEC854 /* IRequestBuilder.swift */ = {isa = PBXFileReference; lastKnownFileType = sourcecode.swift; path = IRequestBuilder.swift; sourceTree = "<group>"; };
		5C3E466A21CE5A0400FEC854 /* RequestBuilder.swift */ = {isa = PBXFileReference; lastKnownFileType = sourcecode.swift; path = RequestBuilder.swift; sourceTree = "<group>"; };
		5C3E467921CE647100FEC854 /* IRequestClient.swift */ = {isa = PBXFileReference; lastKnownFileType = sourcecode.swift; path = IRequestClient.swift; sourceTree = "<group>"; };
		5C3E467D21CE653D00FEC854 /* RequestClient.swift */ = {isa = PBXFileReference; lastKnownFileType = sourcecode.swift; path = RequestClient.swift; sourceTree = "<group>"; };
		5C3E468021CE660A00FEC854 /* Result.swift */ = {isa = PBXFileReference; lastKnownFileType = sourcecode.swift; path = Result.swift; sourceTree = "<group>"; };
		5C3E468621CE670800FEC854 /* LatestCryptocurrenciesRequest.swift */ = {isa = PBXFileReference; lastKnownFileType = sourcecode.swift; path = LatestCryptocurrenciesRequest.swift; sourceTree = "<group>"; };
		5C49F77521D40257008AE043 /* CryptocurrencyListAssembly.swift */ = {isa = PBXFileReference; lastKnownFileType = sourcecode.swift; path = CryptocurrencyListAssembly.swift; sourceTree = "<group>"; };
		5C52898021D55C2400802E5A /* Assets.xcassets */ = {isa = PBXFileReference; lastKnownFileType = folder.assetcatalog; path = Assets.xcassets; sourceTree = "<group>"; };
		5C52898221D55C2400802E5A /* Base */ = {isa = PBXFileReference; lastKnownFileType = file.storyboard; name = Base; path = Base.lproj/LaunchScreen.storyboard; sourceTree = "<group>"; };
		5C52898321D55C2400802E5A /* InfoPlist.strings */ = {isa = PBXFileReference; fileEncoding = 4; lastKnownFileType = text.plist.strings; path = InfoPlist.strings; sourceTree = "<group>"; };
		5C52898521D55C2400802E5A /* ru */ = {isa = PBXFileReference; lastKnownFileType = text.plist.strings; name = ru; path = ru.lproj/Localizable.strings; sourceTree = "<group>"; };
		5C52898621D55C2400802E5A /* Info.plist */ = {isa = PBXFileReference; fileEncoding = 4; lastKnownFileType = text.plist.xml; path = Info.plist; sourceTree = "<group>"; };
		5C52899D21D55ED400802E5A /* UITableView+RegisterCell.swift */ = {isa = PBXFileReference; lastKnownFileType = sourcecode.swift; path = "UITableView+RegisterCell.swift"; sourceTree = "<group>"; };
		5C5289A021D55F0200802E5A /* UITableView+ReusableCell.swift */ = {isa = PBXFileReference; lastKnownFileType = sourcecode.swift; path = "UITableView+ReusableCell.swift"; sourceTree = "<group>"; };
		5C5289AE21D562C400802E5A /* CryptocurrencyListViewController.xib */ = {isa = PBXFileReference; lastKnownFileType = file.xib; path = CryptocurrencyListViewController.xib; sourceTree = "<group>"; };
		5C5289B221D5640D00802E5A /* CryptocurrencyListDataManager.swift */ = {isa = PBXFileReference; lastKnownFileType = sourcecode.swift; path = CryptocurrencyListDataManager.swift; sourceTree = "<group>"; };
		5C5289BB21D568DA00802E5A /* Default-568h@2x.png */ = {isa = PBXFileReference; lastKnownFileType = image.png; path = "Default-568h@2x.png"; sourceTree = "<group>"; };
		5C5289BE21D573EB00802E5A /* LatestCryptocurrenciesService.swift */ = {isa = PBXFileReference; lastKnownFileType = sourcecode.swift; path = LatestCryptocurrenciesService.swift; sourceTree = "<group>"; };
		5C5289C221D57EEC00802E5A /* LatestCryptocurrenciesModel.swift */ = {isa = PBXFileReference; lastKnownFileType = sourcecode.swift; path = LatestCryptocurrenciesModel.swift; sourceTree = "<group>"; };
		5C5289C521D5848200802E5A /* ServiceAssembly.swift */ = {isa = PBXFileReference; lastKnownFileType = sourcecode.swift; path = ServiceAssembly.swift; sourceTree = "<group>"; };
		5C60C5C221C073430031E342 /* Debug.app */ = {isa = PBXFileReference; explicitFileType = wrapper.application; includeInIndex = 0; path = Debug.app; sourceTree = BUILT_PRODUCTS_DIR; };
		5C60C5C421C074B90031E342 /* Environment.swift */ = {isa = PBXFileReference; lastKnownFileType = sourcecode.swift; path = Environment.swift; sourceTree = "<group>"; };
		5C60C5D621C07D720031E342 /* IRequest.swift */ = {isa = PBXFileReference; lastKnownFileType = sourcecode.swift; path = IRequest.swift; sourceTree = "<group>"; };
		5C786C1421D8D11B009A19F4 /* DateFormatter+ISO8601.swift */ = {isa = PBXFileReference; lastKnownFileType = sourcecode.swift; path = "DateFormatter+ISO8601.swift"; sourceTree = "<group>"; };
		5C786C1921D8D26A009A19F4 /* IParser.swift */ = {isa = PBXFileReference; fileEncoding = 4; lastKnownFileType = sourcecode.swift; path = IParser.swift; sourceTree = "<group>"; };
		5C786C1C21D8D2B0009A19F4 /* JSONDecoderParser.swift */ = {isa = PBXFileReference; lastKnownFileType = sourcecode.swift; path = JSONDecoderParser.swift; sourceTree = "<group>"; };
		5C786C1F21D8D4E6009A19F4 /* StatusModel.swift */ = {isa = PBXFileReference; lastKnownFileType = sourcecode.swift; path = StatusModel.swift; sourceTree = "<group>"; };
		5C786C2221D8D503009A19F4 /* RootModel.swift */ = {isa = PBXFileReference; lastKnownFileType = sourcecode.swift; path = RootModel.swift; sourceTree = "<group>"; };
		5CAC208721D40EBD00517A98 /* String+Localized.swift */ = {isa = PBXFileReference; lastKnownFileType = sourcecode.swift; path = "String+Localized.swift"; sourceTree = "<group>"; };
		5CAC208A21D4160B00517A98 /* CoreAssembly.swift */ = {isa = PBXFileReference; lastKnownFileType = sourcecode.swift; path = CoreAssembly.swift; sourceTree = "<group>"; };
		63E8A5B4806223228D714532 /* Pods_Production.framework */ = {isa = PBXFileReference; explicitFileType = wrapper.framework; includeInIndex = 0; path = Pods_Production.framework; sourceTree = BUILT_PRODUCTS_DIR; };
		816C52D839712334AFD80E3B /* Pods-Debug.release.xcconfig */ = {isa = PBXFileReference; includeInIndex = 1; lastKnownFileType = text.xcconfig; name = "Pods-Debug.release.xcconfig"; path = "Pods/Target Support Files/Pods-Debug/Pods-Debug.release.xcconfig"; sourceTree = "<group>"; };
		C2933F659A5ED0D8F0EC3E49 /* Pods-Debug.debug.xcconfig */ = {isa = PBXFileReference; includeInIndex = 1; lastKnownFileType = text.xcconfig; name = "Pods-Debug.debug.xcconfig"; path = "Pods/Target Support Files/Pods-Debug/Pods-Debug.debug.xcconfig"; sourceTree = "<group>"; };
		D1D5ADA77221571A8A63CA44 /* Pods_Debug.framework */ = {isa = PBXFileReference; explicitFileType = wrapper.framework; includeInIndex = 0; path = Pods_Debug.framework; sourceTree = BUILT_PRODUCTS_DIR; };
		DD92797C71EBF86B6445EFCE /* Pods-Production.debug.xcconfig */ = {isa = PBXFileReference; includeInIndex = 1; lastKnownFileType = text.xcconfig; name = "Pods-Production.debug.xcconfig"; path = "Pods/Target Support Files/Pods-Production/Pods-Production.debug.xcconfig"; sourceTree = "<group>"; };
/* End PBXFileReference section */

/* Begin PBXFrameworksBuildPhase section */
		5C21073B21C06B2000E86C5B /* Frameworks */ = {
			isa = PBXFrameworksBuildPhase;
			buildActionMask = 2147483647;
			files = (
				8510059BD0179C141259BFC8 /* Pods_Production.framework in Frameworks */,
			);
			runOnlyForDeploymentPostprocessing = 0;
		};
		5C60C5BA21C073430031E342 /* Frameworks */ = {
			isa = PBXFrameworksBuildPhase;
			buildActionMask = 2147483647;
			files = (
				7D158844FCADFEA23699AF92 /* Pods_Debug.framework in Frameworks */,
			);
			runOnlyForDeploymentPostprocessing = 0;
		};
/* End PBXFrameworksBuildPhase section */

/* Begin PBXGroup section */
		327E0158CD2263672FBAB0B0 /* Pods */ = {
			isa = PBXGroup;
			children = (
				C2933F659A5ED0D8F0EC3E49 /* Pods-Debug.debug.xcconfig */,
				816C52D839712334AFD80E3B /* Pods-Debug.release.xcconfig */,
				DD92797C71EBF86B6445EFCE /* Pods-Production.debug.xcconfig */,
				0D239B1EA975C612A10D611F /* Pods-Production.release.xcconfig */,
			);
			name = Pods;
			sourceTree = "<group>";
		};
		37D70EA3AA854E9D2A39262C /* Frameworks */ = {
			isa = PBXGroup;
			children = (
				D1D5ADA77221571A8A63CA44 /* Pods_Debug.framework */,
				63E8A5B4806223228D714532 /* Pods_Production.framework */,
			);
			name = Frameworks;
			sourceTree = "<group>";
		};
		5C21073521C06B2000E86C5B = {
			isa = PBXGroup;
			children = (
				5C21074021C06B2000E86C5B /* CryptoCoins */,
				5C21073F21C06B2000E86C5B /* Products */,
				327E0158CD2263672FBAB0B0 /* Pods */,
				37D70EA3AA854E9D2A39262C /* Frameworks */,
			);
			sourceTree = "<group>";
		};
		5C21073F21C06B2000E86C5B /* Products */ = {
			isa = PBXGroup;
			children = (
				5C21073E21C06B2000E86C5B /* Production.app */,
				5C60C5C221C073430031E342 /* Debug.app */,
			);
			name = Products;
			sourceTree = "<group>";
		};
		5C21074021C06B2000E86C5B /* CryptoCoins */ = {
			isa = PBXGroup;
			children = (
				5C52899221D55CAF00802E5A /* Sources */,
				5C52897F21D55C2400802E5A /* Resources */,
			);
			path = CryptoCoins;
			sourceTree = "<group>";
		};
		5C3780B221D9227F0070225C /* Assembly */ = {
			isa = PBXGroup;
			children = (
				5C5289C521D5848200802E5A /* ServiceAssembly.swift */,
			);
			path = Assembly;
			sourceTree = "<group>";
		};
		5C3780B321D9229B0070225C /* LatestCryptocurrenciesService */ = {
			isa = PBXGroup;
			children = (
				5C3780B421D922B40070225C /* ILatestCryptocurrenciesService.swift */,
				5C5289BE21D573EB00802E5A /* LatestCryptocurrenciesService.swift */,
			);
			path = LatestCryptocurrenciesService;
			sourceTree = "<group>";
		};
		5C3780BB21DA228D0070225C /* Cells */ = {
			isa = PBXGroup;
			children = (
				5C3780BC21DA22A10070225C /* CryptocurrencyCell */,
			);
			path = Cells;
			sourceTree = "<group>";
		};
		5C3780BC21DA22A10070225C /* CryptocurrencyCell */ = {
			isa = PBXGroup;
			children = (
				5C3780BD21DA22F20070225C /* CryptocurrencyTableViewCell.swift */,
				5C3780BE21DA22F20070225C /* CryptocurrencyTableViewCell.xib */,
			);
			path = CryptocurrencyCell;
			sourceTree = "<group>";
		};
		5C3E466C21CE5A8E00FEC854 /* RequestBuilders */ = {
			isa = PBXGroup;
			children = (
				5C3E466D21CE5A9600FEC854 /* Protocols */,
				5C3E466E21CE5AA100FEC854 /* RequestBuilder */,
			);
			path = RequestBuilders;
			sourceTree = "<group>";
		};
		5C3E466D21CE5A9600FEC854 /* Protocols */ = {
			isa = PBXGroup;
			children = (
				5C3E466821CE59CC00FEC854 /* IRequestBuilder.swift */,
			);
			path = Protocols;
			sourceTree = "<group>";
		};
		5C3E466E21CE5AA100FEC854 /* RequestBuilder */ = {
			isa = PBXGroup;
			children = (
				5C3E466A21CE5A0400FEC854 /* RequestBuilder.swift */,
			);
			path = RequestBuilder;
			sourceTree = "<group>";
		};
		5C3E466F21CE62CE00FEC854 /* Networking */ = {
			isa = PBXGroup;
			children = (
				5C5289C121D57D8800802E5A /* Models */,
				5C3E468321CE663600FEC854 /* Requests */,
				5C3E467721CE63CF00FEC854 /* RequestClients */,
				5C786C1721D8D26A009A19F4 /* Parsers */,
				5C3E466C21CE5A8E00FEC854 /* RequestBuilders */,
			);
			path = Networking;
			sourceTree = "<group>";
		};
		5C3E467721CE63CF00FEC854 /* RequestClients */ = {
			isa = PBXGroup;
			children = (
				5C3E467821CE646900FEC854 /* Protocols */,
				5C3E467C21CE653300FEC854 /* RequestClient */,
			);
			path = RequestClients;
			sourceTree = "<group>";
		};
		5C3E467821CE646900FEC854 /* Protocols */ = {
			isa = PBXGroup;
			children = (
				5C3E467921CE647100FEC854 /* IRequestClient.swift */,
			);
			path = Protocols;
			sourceTree = "<group>";
		};
		5C3E467C21CE653300FEC854 /* RequestClient */ = {
			isa = PBXGroup;
			children = (
				5C3E467D21CE653D00FEC854 /* RequestClient.swift */,
			);
			path = RequestClient;
			sourceTree = "<group>";
		};
		5C3E468321CE663600FEC854 /* Requests */ = {
			isa = PBXGroup;
			children = (
				5C3E468421CE663F00FEC854 /* Protocols */,
				5C3E468621CE670800FEC854 /* LatestCryptocurrenciesRequest.swift */,
			);
			path = Requests;
			sourceTree = "<group>";
		};
		5C3E468421CE663F00FEC854 /* Protocols */ = {
			isa = PBXGroup;
			children = (
				5C60C5D621C07D720031E342 /* IRequest.swift */,
			);
			path = Protocols;
			sourceTree = "<group>";
		};
		5C52897B21D55BA000802E5A /* ApplicationLayer */ = {
			isa = PBXGroup;
			children = (
				5C5289AA21D560B200802E5A /* Assembly */,
				5C5289A921D560AA00802E5A /* AppDelegate */,
			);
			path = ApplicationLayer;
			sourceTree = "<group>";
		};
		5C52897C21D55BBA00802E5A /* PresentationLayer */ = {
			isa = PBXGroup;
			children = (
				5C5289B521D566E400802E5A /* SharedComponents */,
				5C5289AB21D5622300802E5A /* UserStories */,
			);
			path = PresentationLayer;
			sourceTree = "<group>";
		};
		5C52897D21D55BCF00802E5A /* CoreLayer */ = {
			isa = PBXGroup;
			children = (
				5C5289A821D5603D00802E5A /* Assembly */,
				5C3E466F21CE62CE00FEC854 /* Networking */,
			);
			path = CoreLayer;
			sourceTree = "<group>";
		};
		5C52897F21D55C2400802E5A /* Resources */ = {
			isa = PBXGroup;
			children = (
				5C5289BB21D568DA00802E5A /* Default-568h@2x.png */,
				5C5289B821D5686100802E5A /* Assets */,
				5C5289B721D5685700802E5A /* InfoPlists */,
				5C5289BA21D5687800802E5A /* LaunchScreen */,
				5C5289B921D5686C00802E5A /* LocalizableStrings */,
			);
			path = Resources;
			sourceTree = "<group>";
		};
		5C52899121D55CA000802E5A /* ServiceLayer */ = {
			isa = PBXGroup;
			children = (
				5C3780B221D9227F0070225C /* Assembly */,
				5C3780B321D9229B0070225C /* LatestCryptocurrenciesService */,
			);
			path = ServiceLayer;
			sourceTree = "<group>";
		};
		5C52899221D55CAF00802E5A /* Sources */ = {
			isa = PBXGroup;
			children = (
				5C52897B21D55BA000802E5A /* ApplicationLayer */,
				5C52897C21D55BBA00802E5A /* PresentationLayer */,
				5C52899121D55CA000802E5A /* ServiceLayer */,
				5C52897D21D55BCF00802E5A /* CoreLayer */,
				5C52899321D55D0E00802E5A /* Helpers */,
			);
			path = Sources;
			sourceTree = "<group>";
		};
		5C52899321D55D0E00802E5A /* Helpers */ = {
			isa = PBXGroup;
			children = (
				5C52899421D55DFE00802E5A /* Enums */,
				5C52899721D55E2000802E5A /* Extensions */,
				5C5289A321D55F4400802E5A /* ProtocolExtensions */,
			);
			path = Helpers;
			sourceTree = "<group>";
		};
		5C52899421D55DFE00802E5A /* Enums */ = {
			isa = PBXGroup;
			children = (
				5C52899521D55E1200802E5A /* Environment */,
				5C52899621D55E1900802E5A /* Result */,
			);
			path = Enums;
			sourceTree = "<group>";
		};
		5C52899521D55E1200802E5A /* Environment */ = {
			isa = PBXGroup;
			children = (
				5C60C5C421C074B90031E342 /* Environment.swift */,
			);
			path = Environment;
			sourceTree = "<group>";
		};
		5C52899621D55E1900802E5A /* Result */ = {
			isa = PBXGroup;
			children = (
				5C3E468021CE660A00FEC854 /* Result.swift */,
			);
			path = Result;
			sourceTree = "<group>";
		};
		5C52899721D55E2000802E5A /* Extensions */ = {
			isa = PBXGroup;
			children = (
				5C52899A21D55E7100802E5A /* Foundation */,
				5C52899921D55E6700802E5A /* UIKit */,
			);
			path = Extensions;
			sourceTree = "<group>";
		};
		5C52899921D55E6700802E5A /* UIKit */ = {
			isa = PBXGroup;
			children = (
				5C52899C21D55EC000802E5A /* UITableView */,
			);
			path = UIKit;
			sourceTree = "<group>";
		};
		5C52899A21D55E7100802E5A /* Foundation */ = {
			isa = PBXGroup;
			children = (
				5C786C1321D8D102009A19F4 /* DateFormatter */,
				5C52899B21D55E8500802E5A /* String */,
			);
			path = Foundation;
			sourceTree = "<group>";
		};
		5C52899B21D55E8500802E5A /* String */ = {
			isa = PBXGroup;
			children = (
				5CAC208721D40EBD00517A98 /* String+Localized.swift */,
			);
			path = String;
			sourceTree = "<group>";
		};
		5C52899C21D55EC000802E5A /* UITableView */ = {
			isa = PBXGroup;
			children = (
				5C52899D21D55ED400802E5A /* UITableView+RegisterCell.swift */,
				5C5289A021D55F0200802E5A /* UITableView+ReusableCell.swift */,
			);
			path = UITableView;
			sourceTree = "<group>";
		};
		5C5289A321D55F4400802E5A /* ProtocolExtensions */ = {
			isa = PBXGroup;
			children = (
			);
			path = ProtocolExtensions;
			sourceTree = "<group>";
		};
		5C5289A821D5603D00802E5A /* Assembly */ = {
			isa = PBXGroup;
			children = (
				5CAC208A21D4160B00517A98 /* CoreAssembly.swift */,
			);
			path = Assembly;
			sourceTree = "<group>";
		};
		5C5289A921D560AA00802E5A /* AppDelegate */ = {
			isa = PBXGroup;
			children = (
				5C21074121C06B2000E86C5B /* AppDelegate.swift */,
			);
			path = AppDelegate;
			sourceTree = "<group>";
		};
		5C5289AA21D560B200802E5A /* Assembly */ = {
			isa = PBXGroup;
			children = (
				5C189BE521CEE483005F60D9 /* RootAssembly.swift */,
			);
			path = Assembly;
			sourceTree = "<group>";
		};
		5C5289AB21D5622300802E5A /* UserStories */ = {
			isa = PBXGroup;
			children = (
				5C5289AC21D5622F00802E5A /* 1. Список криптовалют */,
			);
			path = UserStories;
			sourceTree = "<group>";
		};
		5C5289AC21D5622F00802E5A /* 1. Список криптовалют */ = {
			isa = PBXGroup;
			children = (
				5C5289AD21D5625200802E5A /* Assembly */,
				5C3780BB21DA228D0070225C /* Cells */,
				5C21074321C06B2000E86C5B /* CryptocurrencyListViewController.swift */,
				5C5289AE21D562C400802E5A /* CryptocurrencyListViewController.xib */,
				5C5289B221D5640D00802E5A /* CryptocurrencyListDataManager.swift */,
			);
			path = "1. Список криптовалют";
			sourceTree = "<group>";
		};
		5C5289AD21D5625200802E5A /* Assembly */ = {
			isa = PBXGroup;
			children = (
				5C49F77521D40257008AE043 /* CryptocurrencyListAssembly.swift */,
			);
			path = Assembly;
			sourceTree = "<group>";
		};
		5C5289B521D566E400802E5A /* SharedComponents */ = {
			isa = PBXGroup;
			children = (
				5C5289B621D5670800802E5A /* Assembly */,
			);
			path = SharedComponents;
			sourceTree = "<group>";
		};
		5C5289B621D5670800802E5A /* Assembly */ = {
			isa = PBXGroup;
			children = (
			);
			path = Assembly;
			sourceTree = "<group>";
		};
		5C5289B721D5685700802E5A /* InfoPlists */ = {
			isa = PBXGroup;
			children = (
				5C52898621D55C2400802E5A /* Info.plist */,
				5C52898321D55C2400802E5A /* InfoPlist.strings */,
			);
			path = InfoPlists;
			sourceTree = "<group>";
		};
		5C5289B821D5686100802E5A /* Assets */ = {
			isa = PBXGroup;
			children = (
				5C52898021D55C2400802E5A /* Assets.xcassets */,
			);
			path = Assets;
			sourceTree = "<group>";
		};
		5C5289B921D5686C00802E5A /* LocalizableStrings */ = {
			isa = PBXGroup;
			children = (
				5C52898421D55C2400802E5A /* Localizable.strings */,
			);
			path = LocalizableStrings;
			sourceTree = "<group>";
		};
		5C5289BA21D5687800802E5A /* LaunchScreen */ = {
			isa = PBXGroup;
			children = (
				5C52898121D55C2400802E5A /* LaunchScreen.storyboard */,
			);
			path = LaunchScreen;
			sourceTree = "<group>";
		};
		5C5289C121D57D8800802E5A /* Models */ = {
			isa = PBXGroup;
			children = (
				5C786C2221D8D503009A19F4 /* RootModel.swift */,
				5C786C1F21D8D4E6009A19F4 /* StatusModel.swift */,
				5C5289C221D57EEC00802E5A /* LatestCryptocurrenciesModel.swift */,
				5C3780B821D9552A0070225C /* QuoteModel.swift */,
			);
			path = Models;
			sourceTree = "<group>";
		};
		5C786C1321D8D102009A19F4 /* DateFormatter */ = {
			isa = PBXGroup;
			children = (
				5C786C1421D8D11B009A19F4 /* DateFormatter+ISO8601.swift */,
			);
			path = DateFormatter;
			sourceTree = "<group>";
		};
		5C786C1721D8D26A009A19F4 /* Parsers */ = {
			isa = PBXGroup;
			children = (
				5C786C1821D8D26A009A19F4 /* Protocols */,
				5C786C1B21D8D27B009A19F4 /* JSONDecoderParser */,
			);
			name = Parsers;
			path = CryptoCoins/Sources/CoreLayer/Networking/Parsers;
			sourceTree = SOURCE_ROOT;
		};
		5C786C1821D8D26A009A19F4 /* Protocols */ = {
			isa = PBXGroup;
			children = (
				5C786C1921D8D26A009A19F4 /* IParser.swift */,
			);
			path = Protocols;
			sourceTree = "<group>";
		};
		5C786C1B21D8D27B009A19F4 /* JSONDecoderParser */ = {
			isa = PBXGroup;
			children = (
				5C786C1C21D8D2B0009A19F4 /* JSONDecoderParser.swift */,
			);
			path = JSONDecoderParser;
			sourceTree = "<group>";
		};
/* End PBXGroup section */

/* Begin PBXNativeTarget section */
		5C21073D21C06B2000E86C5B /* Production */ = {
			isa = PBXNativeTarget;
			buildConfigurationList = 5C21075021C06B2200E86C5B /* Build configuration list for PBXNativeTarget "Production" */;
			buildPhases = (
				BA294FB534DDC24F39A4565C /* [CP] Check Pods Manifest.lock */,
				5C21073A21C06B2000E86C5B /* Sources */,
				5C21073B21C06B2000E86C5B /* Frameworks */,
				5C21073C21C06B2000E86C5B /* Resources */,
				4D88C06B99D8382E3CD36106 /* [CP] Embed Pods Frameworks */,
			);
			buildRules = (
			);
			dependencies = (
			);
			name = Production;
			productName = CryptoCoins;
			productReference = 5C21073E21C06B2000E86C5B /* Production.app */;
			productType = "com.apple.product-type.application";
		};
		5C60C5B621C073430031E342 /* Debug */ = {
			isa = PBXNativeTarget;
			buildConfigurationList = 5C60C5BF21C073430031E342 /* Build configuration list for PBXNativeTarget "Debug" */;
			buildPhases = (
				4673E4F2E9C2D5A0810C079D /* [CP] Check Pods Manifest.lock */,
				5C189BE421CEE2CE005F60D9 /* SwiftLint */,
				5C60C5B721C073430031E342 /* Sources */,
				5C60C5BA21C073430031E342 /* Frameworks */,
				5C60C5BB21C073430031E342 /* Resources */,
				4880E62079E53FC817244D03 /* [CP] Embed Pods Frameworks */,
			);
			buildRules = (
			);
			dependencies = (
			);
			name = Debug;
			productName = CryptoCoins;
			productReference = 5C60C5C221C073430031E342 /* Debug.app */;
			productType = "com.apple.product-type.application";
		};
/* End PBXNativeTarget section */

/* Begin PBXProject section */
		5C21073621C06B2000E86C5B /* Project object */ = {
			isa = PBXProject;
			attributes = {
				LastSwiftUpdateCheck = 1010;
				LastUpgradeCheck = 1010;
				ORGANIZATIONNAME = "Alexander Peresypkin";
				TargetAttributes = {
					5C21073D21C06B2000E86C5B = {
						CreatedOnToolsVersion = 10.1;
					};
				};
			};
			buildConfigurationList = 5C21073921C06B2000E86C5B /* Build configuration list for PBXProject "CryptoCoins" */;
			compatibilityVersion = "Xcode 9.3";
			developmentRegion = ru;
			hasScannedForEncodings = 0;
			knownRegions = (
				Base,
				ru,
			);
			mainGroup = 5C21073521C06B2000E86C5B;
			productRefGroup = 5C21073F21C06B2000E86C5B /* Products */;
			projectDirPath = "";
			projectRoot = "";
			targets = (
				5C60C5B621C073430031E342 /* Debug */,
				5C21073D21C06B2000E86C5B /* Production */,
			);
		};
/* End PBXProject section */

/* Begin PBXResourcesBuildPhase section */
		5C21073C21C06B2000E86C5B /* Resources */ = {
			isa = PBXResourcesBuildPhase;
			buildActionMask = 2147483647;
			files = (
				5C52898821D55C2400802E5A /* Assets.xcassets in Resources */,
				5C52898E21D55C2400802E5A /* Localizable.strings in Resources */,
				5C3780C221DA22F20070225C /* CryptocurrencyTableViewCell.xib in Resources */,
				5C5289B021D562C400802E5A /* CryptocurrencyListViewController.xib in Resources */,
				5C52898C21D55C2400802E5A /* InfoPlist.strings in Resources */,
				5C52898A21D55C2400802E5A /* LaunchScreen.storyboard in Resources */,
				5C5289BD21D568E900802E5A /* Default-568h@2x.png in Resources */,
			);
			runOnlyForDeploymentPostprocessing = 0;
		};
		5C60C5BB21C073430031E342 /* Resources */ = {
			isa = PBXResourcesBuildPhase;
			buildActionMask = 2147483647;
			files = (
				5C52898721D55C2400802E5A /* Assets.xcassets in Resources */,
				5C52898D21D55C2400802E5A /* Localizable.strings in Resources */,
				5C3780C121DA22F20070225C /* CryptocurrencyTableViewCell.xib in Resources */,
				5C5289AF21D562C400802E5A /* CryptocurrencyListViewController.xib in Resources */,
				5C52898B21D55C2400802E5A /* InfoPlist.strings in Resources */,
				5C52898921D55C2400802E5A /* LaunchScreen.storyboard in Resources */,
				5C5289BC21D568DA00802E5A /* Default-568h@2x.png in Resources */,
			);
			runOnlyForDeploymentPostprocessing = 0;
		};
/* End PBXResourcesBuildPhase section */

/* Begin PBXShellScriptBuildPhase section */
		4673E4F2E9C2D5A0810C079D /* [CP] Check Pods Manifest.lock */ = {
			isa = PBXShellScriptBuildPhase;
			buildActionMask = 2147483647;
			files = (
			);
			inputPaths = (
				"${PODS_PODFILE_DIR_PATH}/Podfile.lock",
				"${PODS_ROOT}/Manifest.lock",
			);
			name = "[CP] Check Pods Manifest.lock";
			outputPaths = (
				"$(DERIVED_FILE_DIR)/Pods-Debug-checkManifestLockResult.txt",
			);
			runOnlyForDeploymentPostprocessing = 0;
			shellPath = /bin/sh;
			shellScript = "diff \"${PODS_PODFILE_DIR_PATH}/Podfile.lock\" \"${PODS_ROOT}/Manifest.lock\" > /dev/null\nif [ $? != 0 ] ; then\n    # print error to STDERR\n    echo \"error: The sandbox is not in sync with the Podfile.lock. Run 'pod install' or update your CocoaPods installation.\" >&2\n    exit 1\nfi\n# This output is used by Xcode 'outputs' to avoid re-running this script phase.\necho \"SUCCESS\" > \"${SCRIPT_OUTPUT_FILE_0}\"\n";
			showEnvVarsInLog = 0;
		};
		4880E62079E53FC817244D03 /* [CP] Embed Pods Frameworks */ = {
			isa = PBXShellScriptBuildPhase;
			buildActionMask = 2147483647;
			files = (
			);
			inputPaths = (
				"${SRCROOT}/Pods/Target Support Files/Pods-Debug/Pods-Debug-frameworks.sh",
				"${BUILT_PRODUCTS_DIR}/Dip/Dip.framework",
			);
			name = "[CP] Embed Pods Frameworks";
			outputPaths = (
				"${TARGET_BUILD_DIR}/${FRAMEWORKS_FOLDER_PATH}/Dip.framework",
			);
			runOnlyForDeploymentPostprocessing = 0;
			shellPath = /bin/sh;
			shellScript = "\"${SRCROOT}/Pods/Target Support Files/Pods-Debug/Pods-Debug-frameworks.sh\"\n";
			showEnvVarsInLog = 0;
		};
		4D88C06B99D8382E3CD36106 /* [CP] Embed Pods Frameworks */ = {
			isa = PBXShellScriptBuildPhase;
			buildActionMask = 2147483647;
			files = (
			);
			inputPaths = (
				"${SRCROOT}/Pods/Target Support Files/Pods-Production/Pods-Production-frameworks.sh",
				"${BUILT_PRODUCTS_DIR}/Dip/Dip.framework",
			);
			name = "[CP] Embed Pods Frameworks";
			outputPaths = (
				"${TARGET_BUILD_DIR}/${FRAMEWORKS_FOLDER_PATH}/Dip.framework",
			);
			runOnlyForDeploymentPostprocessing = 0;
			shellPath = /bin/sh;
			shellScript = "\"${SRCROOT}/Pods/Target Support Files/Pods-Production/Pods-Production-frameworks.sh\"\n";
			showEnvVarsInLog = 0;
		};
		5C189BE421CEE2CE005F60D9 /* SwiftLint */ = {
			isa = PBXShellScriptBuildPhase;
			buildActionMask = 2147483647;
			files = (
			);
			inputPaths = (
			);
			name = SwiftLint;
			outputPaths = (
			);
			runOnlyForDeploymentPostprocessing = 0;
			shellPath = /bin/sh;
			shellScript = "if which \"${PODS_ROOT}/SwiftLint/swiftlint\" >/dev/null; then\n${PODS_ROOT}/SwiftLint/swiftlint\nelse\necho \"warning: SwiftLint not installed, download from https://github.com/realm/SwiftLint\"\nfi\n";
		};
		BA294FB534DDC24F39A4565C /* [CP] Check Pods Manifest.lock */ = {
			isa = PBXShellScriptBuildPhase;
			buildActionMask = 2147483647;
			files = (
			);
			inputPaths = (
				"${PODS_PODFILE_DIR_PATH}/Podfile.lock",
				"${PODS_ROOT}/Manifest.lock",
			);
			name = "[CP] Check Pods Manifest.lock";
			outputPaths = (
				"$(DERIVED_FILE_DIR)/Pods-Production-checkManifestLockResult.txt",
			);
			runOnlyForDeploymentPostprocessing = 0;
			shellPath = /bin/sh;
			shellScript = "diff \"${PODS_PODFILE_DIR_PATH}/Podfile.lock\" \"${PODS_ROOT}/Manifest.lock\" > /dev/null\nif [ $? != 0 ] ; then\n    # print error to STDERR\n    echo \"error: The sandbox is not in sync with the Podfile.lock. Run 'pod install' or update your CocoaPods installation.\" >&2\n    exit 1\nfi\n# This output is used by Xcode 'outputs' to avoid re-running this script phase.\necho \"SUCCESS\" > \"${SCRIPT_OUTPUT_FILE_0}\"\n";
			showEnvVarsInLog = 0;
		};
/* End PBXShellScriptBuildPhase section */

/* Begin PBXSourcesBuildPhase section */
		5C21073A21C06B2000E86C5B /* Sources */ = {
			isa = PBXSourcesBuildPhase;
			buildActionMask = 2147483647;
			files = (
				5C3E467B21CE647100FEC854 /* IRequestClient.swift in Sources */,
				5C189BE721CEE483005F60D9 /* RootAssembly.swift in Sources */,
				5C5289C421D57EEC00802E5A /* LatestCryptocurrenciesModel.swift in Sources */,
				5C5289C721D5848200802E5A /* ServiceAssembly.swift in Sources */,
				5C3E467621CE638000FEC854 /* RequestBuilder.swift in Sources */,
				5CAC208C21D4160B00517A98 /* CoreAssembly.swift in Sources */,
				5C5289C021D573EB00802E5A /* LatestCryptocurrenciesService.swift in Sources */,
				5C49F77721D40257008AE043 /* CryptocurrencyListAssembly.swift in Sources */,
				5CAC208921D40EBD00517A98 /* String+Localized.swift in Sources */,
				5C5289B421D5640D00802E5A /* CryptocurrencyListDataManager.swift in Sources */,
				5C5289A221D55F0200802E5A /* UITableView+ReusableCell.swift in Sources */,
				5C21074421C06B2000E86C5B /* CryptocurrencyListViewController.swift in Sources */,
				5C786C1621D8D19E009A19F4 /* DateFormatter+ISO8601.swift in Sources */,
				5C3E467F21CE653D00FEC854 /* RequestClient.swift in Sources */,
				5C60C5C521C074B90031E342 /* Environment.swift in Sources */,
				5C786C2421D8D503009A19F4 /* RootModel.swift in Sources */,
				5C52899F21D55ED400802E5A /* UITableView+RegisterCell.swift in Sources */,
				5C3E468221CE660A00FEC854 /* Result.swift in Sources */,
				5C3E468821CE670800FEC854 /* LatestCryptocurrenciesRequest.swift in Sources */,
				5C21074221C06B2000E86C5B /* AppDelegate.swift in Sources */,
				5C3780B721D92F390070225C /* IParser.swift in Sources */,
				5C786C1E21D8D2B0009A19F4 /* JSONDecoderParser.swift in Sources */,
				5C60C5D821C07FB00031E342 /* IRequest.swift in Sources */,
				5C786C2121D8D4E6009A19F4 /* StatusModel.swift in Sources */,
				5C3780BA21D9552A0070225C /* QuoteModel.swift in Sources */,
				5C3780C021DA22F20070225C /* CryptocurrencyTableViewCell.swift in Sources */,
				5C3E467521CE637C00FEC854 /* IRequestBuilder.swift in Sources */,
				5C3780B621D922B40070225C /* ILatestCryptocurrenciesService.swift in Sources */,
			);
			runOnlyForDeploymentPostprocessing = 0;
		};
		5C60C5B721C073430031E342 /* Sources */ = {
			isa = PBXSourcesBuildPhase;
			buildActionMask = 2147483647;
			files = (
				5C3E467A21CE647100FEC854 /* IRequestClient.swift in Sources */,
				5C189BE621CEE483005F60D9 /* RootAssembly.swift in Sources */,
				5C5289C321D57EEC00802E5A /* LatestCryptocurrenciesModel.swift in Sources */,
				5C786C1521D8D11B009A19F4 /* DateFormatter+ISO8601.swift in Sources */,
				5C786C1A21D8D26A009A19F4 /* IParser.swift in Sources */,
				5C5289C621D5848200802E5A /* ServiceAssembly.swift in Sources */,
				5C786C1D21D8D2B0009A19F4 /* JSONDecoderParser.swift in Sources */,
				5C3E466B21CE5A0400FEC854 /* RequestBuilder.swift in Sources */,
				5CAC208B21D4160B00517A98 /* CoreAssembly.swift in Sources */,
				5C786C2021D8D4E6009A19F4 /* StatusModel.swift in Sources */,
				5C5289BF21D573EB00802E5A /* LatestCryptocurrenciesService.swift in Sources */,
				5C49F77621D40257008AE043 /* CryptocurrencyListAssembly.swift in Sources */,
				5CAC208821D40EBD00517A98 /* String+Localized.swift in Sources */,
				5C5289B321D5640D00802E5A /* CryptocurrencyListDataManager.swift in Sources */,
				5C3780B521D922B40070225C /* ILatestCryptocurrenciesService.swift in Sources */,
				5C5289A121D55F0200802E5A /* UITableView+ReusableCell.swift in Sources */,
				5C60C5B821C073430031E342 /* CryptocurrencyListViewController.swift in Sources */,
				5C60C5C621C074B90031E342 /* Environment.swift in Sources */,
				5C3E467E21CE653D00FEC854 /* RequestClient.swift in Sources */,
				5C786C2321D8D503009A19F4 /* RootModel.swift in Sources */,
				5C3E466921CE59CC00FEC854 /* IRequestBuilder.swift in Sources */,
				5C52899E21D55ED400802E5A /* UITableView+RegisterCell.swift in Sources */,
				5C3E468121CE660A00FEC854 /* Result.swift in Sources */,
				5C3E468721CE670800FEC854 /* LatestCryptocurrenciesRequest.swift in Sources */,
				5C3780B921D9552A0070225C /* QuoteModel.swift in Sources */,
				5C3780BF21DA22F20070225C /* CryptocurrencyTableViewCell.swift in Sources */,
				5C60C5B921C073430031E342 /* AppDelegate.swift in Sources */,
				5C60C5D721C07D720031E342 /* IRequest.swift in Sources */,
			);
			runOnlyForDeploymentPostprocessing = 0;
		};
/* End PBXSourcesBuildPhase section */

/* Begin PBXVariantGroup section */
		5C52898121D55C2400802E5A /* LaunchScreen.storyboard */ = {
			isa = PBXVariantGroup;
			children = (
				5C52898221D55C2400802E5A /* Base */,
			);
			name = LaunchScreen.storyboard;
			sourceTree = "<group>";
		};
		5C52898421D55C2400802E5A /* Localizable.strings */ = {
			isa = PBXVariantGroup;
			children = (
				5C52898521D55C2400802E5A /* ru */,
			);
			name = Localizable.strings;
			sourceTree = "<group>";
		};
/* End PBXVariantGroup section */

/* Begin XCBuildConfiguration section */
		5C21074E21C06B2200E86C5B /* Debug */ = {
			isa = XCBuildConfiguration;
			buildSettings = {
				ALWAYS_SEARCH_USER_PATHS = NO;
				CLANG_ANALYZER_LOCALIZABILITY_NONLOCALIZED = YES;
				CLANG_ANALYZER_NONNULL = YES;
				CLANG_ANALYZER_NUMBER_OBJECT_CONVERSION = YES_AGGRESSIVE;
				CLANG_CXX_LANGUAGE_STANDARD = "gnu++14";
				CLANG_CXX_LIBRARY = "libc++";
				CLANG_ENABLE_MODULES = YES;
				CLANG_ENABLE_OBJC_ARC = YES;
				CLANG_ENABLE_OBJC_WEAK = YES;
				CLANG_WARN_BLOCK_CAPTURE_AUTORELEASING = YES;
				CLANG_WARN_BOOL_CONVERSION = YES;
				CLANG_WARN_COMMA = YES;
				CLANG_WARN_CONSTANT_CONVERSION = YES;
				CLANG_WARN_DEPRECATED_OBJC_IMPLEMENTATIONS = YES;
				CLANG_WARN_DIRECT_OBJC_ISA_USAGE = YES_ERROR;
				CLANG_WARN_DOCUMENTATION_COMMENTS = YES;
				CLANG_WARN_EMPTY_BODY = YES;
				CLANG_WARN_ENUM_CONVERSION = YES;
				CLANG_WARN_INFINITE_RECURSION = YES;
				CLANG_WARN_INT_CONVERSION = YES;
				CLANG_WARN_NON_LITERAL_NULL_CONVERSION = YES;
				CLANG_WARN_OBJC_IMPLICIT_RETAIN_SELF = YES;
				CLANG_WARN_OBJC_LITERAL_CONVERSION = YES;
				CLANG_WARN_OBJC_ROOT_CLASS = YES_ERROR;
				CLANG_WARN_RANGE_LOOP_ANALYSIS = YES;
				CLANG_WARN_STRICT_PROTOTYPES = YES;
				CLANG_WARN_SUSPICIOUS_MOVE = YES;
				CLANG_WARN_UNGUARDED_AVAILABILITY = YES_AGGRESSIVE;
				CLANG_WARN_UNREACHABLE_CODE = YES;
				CLANG_WARN__DUPLICATE_METHOD_MATCH = YES;
				CODE_SIGN_IDENTITY = "iPhone Developer";
				COPY_PHASE_STRIP = NO;
				DEBUG_INFORMATION_FORMAT = dwarf;
				ENABLE_STRICT_OBJC_MSGSEND = YES;
				ENABLE_TESTABILITY = YES;
				GCC_C_LANGUAGE_STANDARD = gnu11;
				GCC_DYNAMIC_NO_PIC = NO;
				GCC_NO_COMMON_BLOCKS = YES;
				GCC_OPTIMIZATION_LEVEL = 0;
				GCC_PREPROCESSOR_DEFINITIONS = (
					"DEBUG=1",
					"$(inherited)",
				);
				GCC_WARN_64_TO_32_BIT_CONVERSION = YES;
				GCC_WARN_ABOUT_RETURN_TYPE = YES_ERROR;
				GCC_WARN_UNDECLARED_SELECTOR = YES;
				GCC_WARN_UNINITIALIZED_AUTOS = YES_AGGRESSIVE;
				GCC_WARN_UNUSED_FUNCTION = YES;
				GCC_WARN_UNUSED_VARIABLE = YES;
				IPHONEOS_DEPLOYMENT_TARGET = 12.0;
				MTL_ENABLE_DEBUG_INFO = INCLUDE_SOURCE;
				MTL_FAST_MATH = YES;
				ONLY_ACTIVE_ARCH = YES;
				SDKROOT = iphoneos;
				SWIFT_ACTIVE_COMPILATION_CONDITIONS = DEBUG;
				SWIFT_OPTIMIZATION_LEVEL = "-Onone";
			};
			name = Debug;
		};
		5C21074F21C06B2200E86C5B /* Release */ = {
			isa = XCBuildConfiguration;
			buildSettings = {
				ALWAYS_SEARCH_USER_PATHS = NO;
				CLANG_ANALYZER_LOCALIZABILITY_NONLOCALIZED = YES;
				CLANG_ANALYZER_NONNULL = YES;
				CLANG_ANALYZER_NUMBER_OBJECT_CONVERSION = YES_AGGRESSIVE;
				CLANG_CXX_LANGUAGE_STANDARD = "gnu++14";
				CLANG_CXX_LIBRARY = "libc++";
				CLANG_ENABLE_MODULES = YES;
				CLANG_ENABLE_OBJC_ARC = YES;
				CLANG_ENABLE_OBJC_WEAK = YES;
				CLANG_WARN_BLOCK_CAPTURE_AUTORELEASING = YES;
				CLANG_WARN_BOOL_CONVERSION = YES;
				CLANG_WARN_COMMA = YES;
				CLANG_WARN_CONSTANT_CONVERSION = YES;
				CLANG_WARN_DEPRECATED_OBJC_IMPLEMENTATIONS = YES;
				CLANG_WARN_DIRECT_OBJC_ISA_USAGE = YES_ERROR;
				CLANG_WARN_DOCUMENTATION_COMMENTS = YES;
				CLANG_WARN_EMPTY_BODY = YES;
				CLANG_WARN_ENUM_CONVERSION = YES;
				CLANG_WARN_INFINITE_RECURSION = YES;
				CLANG_WARN_INT_CONVERSION = YES;
				CLANG_WARN_NON_LITERAL_NULL_CONVERSION = YES;
				CLANG_WARN_OBJC_IMPLICIT_RETAIN_SELF = YES;
				CLANG_WARN_OBJC_LITERAL_CONVERSION = YES;
				CLANG_WARN_OBJC_ROOT_CLASS = YES_ERROR;
				CLANG_WARN_RANGE_LOOP_ANALYSIS = YES;
				CLANG_WARN_STRICT_PROTOTYPES = YES;
				CLANG_WARN_SUSPICIOUS_MOVE = YES;
				CLANG_WARN_UNGUARDED_AVAILABILITY = YES_AGGRESSIVE;
				CLANG_WARN_UNREACHABLE_CODE = YES;
				CLANG_WARN__DUPLICATE_METHOD_MATCH = YES;
				CODE_SIGN_IDENTITY = "iPhone Developer";
				COPY_PHASE_STRIP = NO;
				DEBUG_INFORMATION_FORMAT = "dwarf-with-dsym";
				ENABLE_NS_ASSERTIONS = NO;
				ENABLE_STRICT_OBJC_MSGSEND = YES;
				GCC_C_LANGUAGE_STANDARD = gnu11;
				GCC_NO_COMMON_BLOCKS = YES;
				GCC_WARN_64_TO_32_BIT_CONVERSION = YES;
				GCC_WARN_ABOUT_RETURN_TYPE = YES_ERROR;
				GCC_WARN_UNDECLARED_SELECTOR = YES;
				GCC_WARN_UNINITIALIZED_AUTOS = YES_AGGRESSIVE;
				GCC_WARN_UNUSED_FUNCTION = YES;
				GCC_WARN_UNUSED_VARIABLE = YES;
				IPHONEOS_DEPLOYMENT_TARGET = 12.0;
				MTL_ENABLE_DEBUG_INFO = NO;
				MTL_FAST_MATH = YES;
				SDKROOT = iphoneos;
				SWIFT_COMPILATION_MODE = wholemodule;
				SWIFT_OPTIMIZATION_LEVEL = "-O";
				VALIDATE_PRODUCT = YES;
			};
			name = Release;
		};
		5C21075121C06B2200E86C5B /* Debug */ = {
			isa = XCBuildConfiguration;
			baseConfigurationReference = DD92797C71EBF86B6445EFCE /* Pods-Production.debug.xcconfig */;
			buildSettings = {
				ASSETCATALOG_COMPILER_APPICON_NAME = AppIcon;
				CODE_SIGN_STYLE = Automatic;
				DEVELOPMENT_TEAM = FXS2GW5LYK;
				INFOPLIST_FILE = "$(SRCROOT)/CryptoCoins/Resources/InfoPlists/Info.plist";
				LD_RUNPATH_SEARCH_PATHS = (
					"$(inherited)",
					"@executable_path/Frameworks",
				);
				PRODUCT_BUNDLE_IDENTIFIER = com.aperesypkin.CryptoCoins;
				PRODUCT_NAME = "$(TARGET_NAME)";
				SWIFT_VERSION = 4.2;
				TARGETED_DEVICE_FAMILY = "1,2";
			};
			name = Debug;
		};
		5C21075221C06B2200E86C5B /* Release */ = {
			isa = XCBuildConfiguration;
			baseConfigurationReference = 0D239B1EA975C612A10D611F /* Pods-Production.release.xcconfig */;
			buildSettings = {
				ASSETCATALOG_COMPILER_APPICON_NAME = AppIcon;
				CODE_SIGN_STYLE = Automatic;
				DEVELOPMENT_TEAM = FXS2GW5LYK;
				INFOPLIST_FILE = "$(SRCROOT)/CryptoCoins/Resources/InfoPlists/Info.plist";
				LD_RUNPATH_SEARCH_PATHS = (
					"$(inherited)",
					"@executable_path/Frameworks",
				);
				PRODUCT_BUNDLE_IDENTIFIER = com.aperesypkin.CryptoCoins;
				PRODUCT_NAME = "$(TARGET_NAME)";
				SWIFT_VERSION = 4.2;
				TARGETED_DEVICE_FAMILY = "1,2";
			};
			name = Release;
		};
		5C60C5C021C073430031E342 /* Debug */ = {
			isa = XCBuildConfiguration;
			baseConfigurationReference = C2933F659A5ED0D8F0EC3E49 /* Pods-Debug.debug.xcconfig */;
			buildSettings = {
				ASSETCATALOG_COMPILER_APPICON_NAME = "AppIcon-Debug";
				CODE_SIGN_STYLE = Automatic;
				DEVELOPMENT_TEAM = FXS2GW5LYK;
				INFOPLIST_FILE = "$(SRCROOT)/CryptoCoins/Resources/InfoPlists/Info.plist";
				LD_RUNPATH_SEARCH_PATHS = (
					"$(inherited)",
					"@executable_path/Frameworks",
				);
				PRODUCT_BUNDLE_IDENTIFIER = com.aperesypkin.CryptoCoins.Debug;
				PRODUCT_NAME = "$(TARGET_NAME)";
				SWIFT_VERSION = 4.2;
				TARGETED_DEVICE_FAMILY = "1,2";
			};
			name = Debug;
		};
		5C60C5C121C073430031E342 /* Release */ = {
			isa = XCBuildConfiguration;
			baseConfigurationReference = 816C52D839712334AFD80E3B /* Pods-Debug.release.xcconfig */;
			buildSettings = {
				ASSETCATALOG_COMPILER_APPICON_NAME = "AppIcon-Debug";
				CODE_SIGN_STYLE = Automatic;
				DEVELOPMENT_TEAM = FXS2GW5LYK;
				INFOPLIST_FILE = "$(SRCROOT)/CryptoCoins/Resources/InfoPlists/Info.plist";
				LD_RUNPATH_SEARCH_PATHS = (
					"$(inherited)",
					"@executable_path/Frameworks",
				);
				PRODUCT_BUNDLE_IDENTIFIER = com.aperesypkin.CryptoCoins.Debug;
				PRODUCT_NAME = "$(TARGET_NAME)";
				SWIFT_VERSION = 4.2;
				TARGETED_DEVICE_FAMILY = "1,2";
			};
			name = Release;
		};
/* End XCBuildConfiguration section */

/* Begin XCConfigurationList section */
		5C21073921C06B2000E86C5B /* Build configuration list for PBXProject "CryptoCoins" */ = {
			isa = XCConfigurationList;
			buildConfigurations = (
				5C21074E21C06B2200E86C5B /* Debug */,
				5C21074F21C06B2200E86C5B /* Release */,
			);
			defaultConfigurationIsVisible = 0;
			defaultConfigurationName = Release;
		};
		5C21075021C06B2200E86C5B /* Build configuration list for PBXNativeTarget "Production" */ = {
			isa = XCConfigurationList;
			buildConfigurations = (
				5C21075121C06B2200E86C5B /* Debug */,
				5C21075221C06B2200E86C5B /* Release */,
			);
			defaultConfigurationIsVisible = 0;
			defaultConfigurationName = Release;
		};
		5C60C5BF21C073430031E342 /* Build configuration list for PBXNativeTarget "Debug" */ = {
			isa = XCConfigurationList;
			buildConfigurations = (
				5C60C5C021C073430031E342 /* Debug */,
				5C60C5C121C073430031E342 /* Release */,
			);
			defaultConfigurationIsVisible = 0;
			defaultConfigurationName = Release;
		};
/* End XCConfigurationList section */
	};
	rootObject = 5C21073621C06B2000E86C5B /* Project object */;
}
